// !$*UTF8*$!
{
	archiveVersion = 1;
	classes = {
	};
	objectVersion = 56;
	objects = {

/* Begin PBXBuildFile section */
		810D527F2C43118600D39D32 /* Motion_VisualizerApp.swift in Sources */ = {isa = PBXBuildFile; fileRef = 810D527E2C43118600D39D32 /* Motion_VisualizerApp.swift */; };
		810D52812C43118600D39D32 /* ContentView.swift in Sources */ = {isa = PBXBuildFile; fileRef = 810D52802C43118600D39D32 /* ContentView.swift */; };
		810D52832C43118600D39D32 /* Assets.xcassets in Resources */ = {isa = PBXBuildFile; fileRef = 810D52822C43118600D39D32 /* Assets.xcassets */; };
		810D52862C43118600D39D32 /* Preview Assets.xcassets in Resources */ = {isa = PBXBuildFile; fileRef = 810D52852C43118600D39D32 /* Preview Assets.xcassets */; };
		810D52902C43118600D39D32 /* Motion_VisualizerTests.swift in Sources */ = {isa = PBXBuildFile; fileRef = 810D528F2C43118600D39D32 /* Motion_VisualizerTests.swift */; };
		810D529A2C43118600D39D32 /* Motion_VisualizerUITests.swift in Sources */ = {isa = PBXBuildFile; fileRef = 810D52992C43118600D39D32 /* Motion_VisualizerUITests.swift */; };
		810D529C2C43118600D39D32 /* Motion_VisualizerUITestsLaunchTests.swift in Sources */ = {isa = PBXBuildFile; fileRef = 810D529B2C43118600D39D32 /* Motion_VisualizerUITestsLaunchTests.swift */; };
		810D52A92C43162800D39D32 /* CameraManager.swift in Sources */ = {isa = PBXBuildFile; fileRef = 810D52A82C43162800D39D32 /* CameraManager.swift */; };
		810D52AB2C4316BD00D39D32 /* CameraPreview.swift in Sources */ = {isa = PBXBuildFile; fileRef = 810D52AA2C4316BD00D39D32 /* CameraPreview.swift */; };
		810D52AD2C4316E400D39D32 /* CameraView.swift in Sources */ = {isa = PBXBuildFile; fileRef = 810D52AC2C4316E400D39D32 /* CameraView.swift */; };
		8191FA282C444ED200C6DFA2 /* DepthConfidence.swift in Sources */ = {isa = PBXBuildFile; fileRef = 8191FA272C444ED200C6DFA2 /* DepthConfidence.swift */; };
		8191FA2A2C46A47F00C6DFA2 /* DepthMapView.swift in Sources */ = {isa = PBXBuildFile; fileRef = 8191FA292C46A47F00C6DFA2 /* DepthMapView.swift */; };
		8191FA2C2C46A4EB00C6DFA2 /* DepthMapShaders.metal in Sources */ = {isa = PBXBuildFile; fileRef = 8191FA2B2C46A4EB00C6DFA2 /* DepthMapShaders.metal */; };
/* End PBXBuildFile section */

/* Begin PBXContainerItemProxy section */
		810D528C2C43118600D39D32 /* PBXContainerItemProxy */ = {
			isa = PBXContainerItemProxy;
			containerPortal = 810D52732C43118600D39D32 /* Project object */;
			proxyType = 1;
			remoteGlobalIDString = 810D527A2C43118600D39D32;
			remoteInfo = "Motion Visualizer";
		};
		810D52962C43118600D39D32 /* PBXContainerItemProxy */ = {
			isa = PBXContainerItemProxy;
			containerPortal = 810D52732C43118600D39D32 /* Project object */;
			proxyType = 1;
			remoteGlobalIDString = 810D527A2C43118600D39D32;
			remoteInfo = "Motion Visualizer";
		};
/* End PBXContainerItemProxy section */

/* Begin PBXFileReference section */
		810D527B2C43118600D39D32 /* Motion Visualizer.app */ = {isa = PBXFileReference; explicitFileType = wrapper.application; includeInIndex = 0; path = "Motion Visualizer.app"; sourceTree = BUILT_PRODUCTS_DIR; };
		810D527E2C43118600D39D32 /* Motion_VisualizerApp.swift */ = {isa = PBXFileReference; lastKnownFileType = sourcecode.swift; path = Motion_VisualizerApp.swift; sourceTree = "<group>"; };
		810D52802C43118600D39D32 /* ContentView.swift */ = {isa = PBXFileReference; lastKnownFileType = sourcecode.swift; path = ContentView.swift; sourceTree = "<group>"; };
		810D52822C43118600D39D32 /* Assets.xcassets */ = {isa = PBXFileReference; lastKnownFileType = folder.assetcatalog; path = Assets.xcassets; sourceTree = "<group>"; };
		810D52852C43118600D39D32 /* Preview Assets.xcassets */ = {isa = PBXFileReference; lastKnownFileType = folder.assetcatalog; path = "Preview Assets.xcassets"; sourceTree = "<group>"; };
		810D528B2C43118600D39D32 /* Motion VisualizerTests.xctest */ = {isa = PBXFileReference; explicitFileType = wrapper.cfbundle; includeInIndex = 0; path = "Motion VisualizerTests.xctest"; sourceTree = BUILT_PRODUCTS_DIR; };
		810D528F2C43118600D39D32 /* Motion_VisualizerTests.swift */ = {isa = PBXFileReference; lastKnownFileType = sourcecode.swift; path = Motion_VisualizerTests.swift; sourceTree = "<group>"; };
		810D52952C43118600D39D32 /* Motion VisualizerUITests.xctest */ = {isa = PBXFileReference; explicitFileType = wrapper.cfbundle; includeInIndex = 0; path = "Motion VisualizerUITests.xctest"; sourceTree = BUILT_PRODUCTS_DIR; };
		810D52992C43118600D39D32 /* Motion_VisualizerUITests.swift */ = {isa = PBXFileReference; lastKnownFileType = sourcecode.swift; path = Motion_VisualizerUITests.swift; sourceTree = "<group>"; };
		810D529B2C43118600D39D32 /* Motion_VisualizerUITestsLaunchTests.swift */ = {isa = PBXFileReference; lastKnownFileType = sourcecode.swift; path = Motion_VisualizerUITestsLaunchTests.swift; sourceTree = "<group>"; };
		810D52A82C43162800D39D32 /* CameraManager.swift */ = {isa = PBXFileReference; lastKnownFileType = sourcecode.swift; path = CameraManager.swift; sourceTree = "<group>"; };
		810D52AA2C4316BD00D39D32 /* CameraPreview.swift */ = {isa = PBXFileReference; lastKnownFileType = sourcecode.swift; path = CameraPreview.swift; sourceTree = "<group>"; };
		810D52AC2C4316E400D39D32 /* CameraView.swift */ = {isa = PBXFileReference; lastKnownFileType = sourcecode.swift; path = CameraView.swift; sourceTree = "<group>"; };
		8191FA272C444ED200C6DFA2 /* DepthConfidence.swift */ = {isa = PBXFileReference; lastKnownFileType = sourcecode.swift; path = DepthConfidence.swift; sourceTree = "<group>"; };
		8191FA292C46A47F00C6DFA2 /* DepthMapView.swift */ = {isa = PBXFileReference; lastKnownFileType = sourcecode.swift; path = DepthMapView.swift; sourceTree = "<group>"; };
		8191FA2B2C46A4EB00C6DFA2 /* DepthMapShaders.metal */ = {isa = PBXFileReference; lastKnownFileType = sourcecode.metal; path = DepthMapShaders.metal; sourceTree = "<group>"; };
/* End PBXFileReference section */

/* Begin PBXFrameworksBuildPhase section */
		810D52782C43118600D39D32 /* Frameworks */ = {
			isa = PBXFrameworksBuildPhase;
			buildActionMask = 2147483647;
			files = (
			);
			runOnlyForDeploymentPostprocessing = 0;
		};
		810D52882C43118600D39D32 /* Frameworks */ = {
			isa = PBXFrameworksBuildPhase;
			buildActionMask = 2147483647;
			files = (
			);
			runOnlyForDeploymentPostprocessing = 0;
		};
		810D52922C43118600D39D32 /* Frameworks */ = {
			isa = PBXFrameworksBuildPhase;
			buildActionMask = 2147483647;
			files = (
			);
			runOnlyForDeploymentPostprocessing = 0;
		};
/* End PBXFrameworksBuildPhase section */

/* Begin PBXGroup section */
		810D52722C43118600D39D32 = {
			isa = PBXGroup;
			children = (
				810D527D2C43118600D39D32 /* Motion Visualizer */,
				810D528E2C43118600D39D32 /* Motion VisualizerTests */,
				810D52982C43118600D39D32 /* Motion VisualizerUITests */,
				810D527C2C43118600D39D32 /* Products */,
			);
			sourceTree = "<group>";
		};
		810D527C2C43118600D39D32 /* Products */ = {
			isa = PBXGroup;
			children = (
				810D527B2C43118600D39D32 /* Motion Visualizer.app */,
				810D528B2C43118600D39D32 /* Motion VisualizerTests.xctest */,
				810D52952C43118600D39D32 /* Motion VisualizerUITests.xctest */,
			);
			name = Products;
			sourceTree = "<group>";
		};
		810D527D2C43118600D39D32 /* Motion Visualizer */ = {
			isa = PBXGroup;
			children = (
				810D527E2C43118600D39D32 /* Motion_VisualizerApp.swift */,
				810D52802C43118600D39D32 /* ContentView.swift */,
				810D52822C43118600D39D32 /* Assets.xcassets */,
				810D52A82C43162800D39D32 /* CameraManager.swift */,
				810D52AA2C4316BD00D39D32 /* CameraPreview.swift */,
				810D52AC2C4316E400D39D32 /* CameraView.swift */,
				8191FA272C444ED200C6DFA2 /* DepthConfidence.swift */,
				8191FA292C46A47F00C6DFA2 /* DepthMapView.swift */,
				8191FA2B2C46A4EB00C6DFA2 /* DepthMapShaders.metal */,
				810D52842C43118600D39D32 /* Preview Content */,
			);
			path = "Motion Visualizer";
			sourceTree = "<group>";
		};
		810D52842C43118600D39D32 /* Preview Content */ = {
			isa = PBXGroup;
			children = (
				810D52852C43118600D39D32 /* Preview Assets.xcassets */,
			);
			path = "Preview Content";
			sourceTree = "<group>";
		};
		810D528E2C43118600D39D32 /* Motion VisualizerTests */ = {
			isa = PBXGroup;
			children = (
				810D528F2C43118600D39D32 /* Motion_VisualizerTests.swift */,
			);
			path = "Motion VisualizerTests";
			sourceTree = "<group>";
		};
		810D52982C43118600D39D32 /* Motion VisualizerUITests */ = {
			isa = PBXGroup;
			children = (
				810D52992C43118600D39D32 /* Motion_VisualizerUITests.swift */,
				810D529B2C43118600D39D32 /* Motion_VisualizerUITestsLaunchTests.swift */,
			);
			path = "Motion VisualizerUITests";
			sourceTree = "<group>";
		};
/* End PBXGroup section */

/* Begin PBXNativeTarget section */
		810D527A2C43118600D39D32 /* Motion Visualizer */ = {
			isa = PBXNativeTarget;
			buildConfigurationList = 810D529F2C43118600D39D32 /* Build configuration list for PBXNativeTarget "Motion Visualizer" */;
			buildPhases = (
				810D52772C43118600D39D32 /* Sources */,
				810D52782C43118600D39D32 /* Frameworks */,
				810D52792C43118600D39D32 /* Resources */,
			);
			buildRules = (
			);
			dependencies = (
			);
			name = "Motion Visualizer";
			productName = "Motion Visualizer";
			productReference = 810D527B2C43118600D39D32 /* Motion Visualizer.app */;
			productType = "com.apple.product-type.application";
		};
		810D528A2C43118600D39D32 /* Motion VisualizerTests */ = {
			isa = PBXNativeTarget;
			buildConfigurationList = 810D52A22C43118600D39D32 /* Build configuration list for PBXNativeTarget "Motion VisualizerTests" */;
			buildPhases = (
				810D52872C43118600D39D32 /* Sources */,
				810D52882C43118600D39D32 /* Frameworks */,
				810D52892C43118600D39D32 /* Resources */,
			);
			buildRules = (
			);
			dependencies = (
				810D528D2C43118600D39D32 /* PBXTargetDependency */,
			);
			name = "Motion VisualizerTests";
			productName = "Motion VisualizerTests";
			productReference = 810D528B2C43118600D39D32 /* Motion VisualizerTests.xctest */;
			productType = "com.apple.product-type.bundle.unit-test";
		};
		810D52942C43118600D39D32 /* Motion VisualizerUITests */ = {
			isa = PBXNativeTarget;
			buildConfigurationList = 810D52A52C43118600D39D32 /* Build configuration list for PBXNativeTarget "Motion VisualizerUITests" */;
			buildPhases = (
				810D52912C43118600D39D32 /* Sources */,
				810D52922C43118600D39D32 /* Frameworks */,
				810D52932C43118600D39D32 /* Resources */,
			);
			buildRules = (
			);
			dependencies = (
				810D52972C43118600D39D32 /* PBXTargetDependency */,
			);
			name = "Motion VisualizerUITests";
			productName = "Motion VisualizerUITests";
			productReference = 810D52952C43118600D39D32 /* Motion VisualizerUITests.xctest */;
			productType = "com.apple.product-type.bundle.ui-testing";
		};
/* End PBXNativeTarget section */

/* Begin PBXProject section */
		810D52732C43118600D39D32 /* Project object */ = {
			isa = PBXProject;
			attributes = {
				BuildIndependentTargetsInParallel = 1;
				LastSwiftUpdateCheck = 1520;
				LastUpgradeCheck = 1520;
				TargetAttributes = {
					810D527A2C43118600D39D32 = {
						CreatedOnToolsVersion = 15.2;
					};
					810D528A2C43118600D39D32 = {
						CreatedOnToolsVersion = 15.2;
						TestTargetID = 810D527A2C43118600D39D32;
					};
					810D52942C43118600D39D32 = {
						CreatedOnToolsVersion = 15.2;
						TestTargetID = 810D527A2C43118600D39D32;
					};
				};
			};
			buildConfigurationList = 810D52762C43118600D39D32 /* Build configuration list for PBXProject "Motion Visualizer" */;
			compatibilityVersion = "Xcode 14.0";
			developmentRegion = en;
			hasScannedForEncodings = 0;
			knownRegions = (
				en,
				Base,
			);
			mainGroup = 810D52722C43118600D39D32;
			productRefGroup = 810D527C2C43118600D39D32 /* Products */;
			projectDirPath = "";
			projectRoot = "";
			targets = (
				810D527A2C43118600D39D32 /* Motion Visualizer */,
				810D528A2C43118600D39D32 /* Motion VisualizerTests */,
				810D52942C43118600D39D32 /* Motion VisualizerUITests */,
			);
		};
/* End PBXProject section */

/* Begin PBXResourcesBuildPhase section */
		810D52792C43118600D39D32 /* Resources */ = {
			isa = PBXResourcesBuildPhase;
			buildActionMask = 2147483647;
			files = (
				810D52862C43118600D39D32 /* Preview Assets.xcassets in Resources */,
				810D52832C43118600D39D32 /* Assets.xcassets in Resources */,
			);
			runOnlyForDeploymentPostprocessing = 0;
		};
		810D52892C43118600D39D32 /* Resources */ = {
			isa = PBXResourcesBuildPhase;
			buildActionMask = 2147483647;
			files = (
			);
			runOnlyForDeploymentPostprocessing = 0;
		};
		810D52932C43118600D39D32 /* Resources */ = {
			isa = PBXResourcesBuildPhase;
			buildActionMask = 2147483647;
			files = (
			);
			runOnlyForDeploymentPostprocessing = 0;
		};
/* End PBXResourcesBuildPhase section */

/* Begin PBXSourcesBuildPhase section */
		810D52772C43118600D39D32 /* Sources */ = {
			isa = PBXSourcesBuildPhase;
			buildActionMask = 2147483647;
			files = (
				810D52812C43118600D39D32 /* ContentView.swift in Sources */,
				8191FA282C444ED200C6DFA2 /* DepthConfidence.swift in Sources */,
				810D52AB2C4316BD00D39D32 /* CameraPreview.swift in Sources */,
				8191FA2C2C46A4EB00C6DFA2 /* DepthMapShaders.metal in Sources */,
				810D52A92C43162800D39D32 /* CameraManager.swift in Sources */,
				810D52AD2C4316E400D39D32 /* CameraView.swift in Sources */,
				8191FA2A2C46A47F00C6DFA2 /* DepthMapView.swift in Sources */,
				810D527F2C43118600D39D32 /* Motion_VisualizerApp.swift in Sources */,
			);
			runOnlyForDeploymentPostprocessing = 0;
		};
		810D52872C43118600D39D32 /* Sources */ = {
			isa = PBXSourcesBuildPhase;
			buildActionMask = 2147483647;
			files = (
				810D52902C43118600D39D32 /* Motion_VisualizerTests.swift in Sources */,
			);
			runOnlyForDeploymentPostprocessing = 0;
		};
		810D52912C43118600D39D32 /* Sources */ = {
			isa = PBXSourcesBuildPhase;
			buildActionMask = 2147483647;
			files = (
				810D529C2C43118600D39D32 /* Motion_VisualizerUITestsLaunchTests.swift in Sources */,
				810D529A2C43118600D39D32 /* Motion_VisualizerUITests.swift in Sources */,
			);
			runOnlyForDeploymentPostprocessing = 0;
		};
/* End PBXSourcesBuildPhase section */

/* Begin PBXTargetDependency section */
		810D528D2C43118600D39D32 /* PBXTargetDependency */ = {
			isa = PBXTargetDependency;
			target = 810D527A2C43118600D39D32 /* Motion Visualizer */;
			targetProxy = 810D528C2C43118600D39D32 /* PBXContainerItemProxy */;
		};
		810D52972C43118600D39D32 /* PBXTargetDependency */ = {
			isa = PBXTargetDependency;
			target = 810D527A2C43118600D39D32 /* Motion Visualizer */;
			targetProxy = 810D52962C43118600D39D32 /* PBXContainerItemProxy */;
		};
/* End PBXTargetDependency section */

/* Begin XCBuildConfiguration section */
		810D529D2C43118600D39D32 /* Debug */ = {
			isa = XCBuildConfiguration;
			buildSettings = {
				ALWAYS_SEARCH_USER_PATHS = NO;
				ASSETCATALOG_COMPILER_GENERATE_SWIFT_ASSET_SYMBOL_EXTENSIONS = YES;
				CLANG_ANALYZER_NONNULL = YES;
				CLANG_ANALYZER_NUMBER_OBJECT_CONVERSION = YES_AGGRESSIVE;
				CLANG_CXX_LANGUAGE_STANDARD = "gnu++20";
				CLANG_ENABLE_MODULES = YES;
				CLANG_ENABLE_OBJC_ARC = YES;
				CLANG_ENABLE_OBJC_WEAK = YES;
				CLANG_WARN_BLOCK_CAPTURE_AUTORELEASING = YES;
				CLANG_WARN_BOOL_CONVERSION = YES;
				CLANG_WARN_COMMA = YES;
				CLANG_WARN_CONSTANT_CONVERSION = YES;
				CLANG_WARN_DEPRECATED_OBJC_IMPLEMENTATIONS = YES;
				CLANG_WARN_DIRECT_OBJC_ISA_USAGE = YES_ERROR;
				CLANG_WARN_DOCUMENTATION_COMMENTS = YES;
				CLANG_WARN_EMPTY_BODY = YES;
				CLANG_WARN_ENUM_CONVERSION = YES;
				CLANG_WARN_INFINITE_RECURSION = YES;
				CLANG_WARN_INT_CONVERSION = YES;
				CLANG_WARN_NON_LITERAL_NULL_CONVERSION = YES;
				CLANG_WARN_OBJC_IMPLICIT_RETAIN_SELF = YES;
				CLANG_WARN_OBJC_LITERAL_CONVERSION = YES;
				CLANG_WARN_OBJC_ROOT_CLASS = YES_ERROR;
				CLANG_WARN_QUOTED_INCLUDE_IN_FRAMEWORK_HEADER = YES;
				CLANG_WARN_RANGE_LOOP_ANALYSIS = YES;
				CLANG_WARN_STRICT_PROTOTYPES = YES;
				CLANG_WARN_SUSPICIOUS_MOVE = YES;
				CLANG_WARN_UNGUARDED_AVAILABILITY = YES_AGGRESSIVE;
				CLANG_WARN_UNREACHABLE_CODE = YES;
				CLANG_WARN__DUPLICATE_METHOD_MATCH = YES;
				COPY_PHASE_STRIP = NO;
				DEBUG_INFORMATION_FORMAT = dwarf;
				ENABLE_STRICT_OBJC_MSGSEND = YES;
				ENABLE_TESTABILITY = YES;
				ENABLE_USER_SCRIPT_SANDBOXING = YES;
				GCC_C_LANGUAGE_STANDARD = gnu17;
				GCC_DYNAMIC_NO_PIC = NO;
				GCC_NO_COMMON_BLOCKS = YES;
				GCC_OPTIMIZATION_LEVEL = 0;
				GCC_PREPROCESSOR_DEFINITIONS = (
					"DEBUG=1",
					"$(inherited)",
				);
				GCC_WARN_64_TO_32_BIT_CONVERSION = YES;
				GCC_WARN_ABOUT_RETURN_TYPE = YES_ERROR;
				GCC_WARN_UNDECLARED_SELECTOR = YES;
				GCC_WARN_UNINITIALIZED_AUTOS = YES_AGGRESSIVE;
				GCC_WARN_UNUSED_FUNCTION = YES;
				GCC_WARN_UNUSED_VARIABLE = YES;
				IPHONEOS_DEPLOYMENT_TARGET = 17.2;
				LOCALIZATION_PREFERS_STRING_CATALOGS = YES;
				MTL_ENABLE_DEBUG_INFO = INCLUDE_SOURCE;
				MTL_FAST_MATH = YES;
				ONLY_ACTIVE_ARCH = YES;
				SDKROOT = iphoneos;
				SWIFT_ACTIVE_COMPILATION_CONDITIONS = "DEBUG $(inherited)";
				SWIFT_OPTIMIZATION_LEVEL = "-Onone";
			};
			name = Debug;
		};
		810D529E2C43118600D39D32 /* Release */ = {
			isa = XCBuildConfiguration;
			buildSettings = {
				ALWAYS_SEARCH_USER_PATHS = NO;
				ASSETCATALOG_COMPILER_GENERATE_SWIFT_ASSET_SYMBOL_EXTENSIONS = YES;
				CLANG_ANALYZER_NONNULL = YES;
				CLANG_ANALYZER_NUMBER_OBJECT_CONVERSION = YES_AGGRESSIVE;
				CLANG_CXX_LANGUAGE_STANDARD = "gnu++20";
				CLANG_ENABLE_MODULES = YES;
				CLANG_ENABLE_OBJC_ARC = YES;
				CLANG_ENABLE_OBJC_WEAK = YES;
				CLANG_WARN_BLOCK_CAPTURE_AUTORELEASING = YES;
				CLANG_WARN_BOOL_CONVERSION = YES;
				CLANG_WARN_COMMA = YES;
				CLANG_WARN_CONSTANT_CONVERSION = YES;
				CLANG_WARN_DEPRECATED_OBJC_IMPLEMENTATIONS = YES;
				CLANG_WARN_DIRECT_OBJC_ISA_USAGE = YES_ERROR;
				CLANG_WARN_DOCUMENTATION_COMMENTS = YES;
				CLANG_WARN_EMPTY_BODY = YES;
				CLANG_WARN_ENUM_CONVERSION = YES;
				CLANG_WARN_INFINITE_RECURSION = YES;
				CLANG_WARN_INT_CONVERSION = YES;
				CLANG_WARN_NON_LITERAL_NULL_CONVERSION = YES;
				CLANG_WARN_OBJC_IMPLICIT_RETAIN_SELF = YES;
				CLANG_WARN_OBJC_LITERAL_CONVERSION = YES;
				CLANG_WARN_OBJC_ROOT_CLASS = YES_ERROR;
				CLANG_WARN_QUOTED_INCLUDE_IN_FRAMEWORK_HEADER = YES;
				CLANG_WARN_RANGE_LOOP_ANALYSIS = YES;
				CLANG_WARN_STRICT_PROTOTYPES = YES;
				CLANG_WARN_SUSPICIOUS_MOVE = YES;
				CLANG_WARN_UNGUARDED_AVAILABILITY = YES_AGGRESSIVE;
				CLANG_WARN_UNREACHABLE_CODE = YES;
				CLANG_WARN__DUPLICATE_METHOD_MATCH = YES;
				COPY_PHASE_STRIP = NO;
				DEBUG_INFORMATION_FORMAT = "dwarf-with-dsym";
				ENABLE_NS_ASSERTIONS = NO;
				ENABLE_STRICT_OBJC_MSGSEND = YES;
				ENABLE_USER_SCRIPT_SANDBOXING = YES;
				GCC_C_LANGUAGE_STANDARD = gnu17;
				GCC_NO_COMMON_BLOCKS = YES;
				GCC_WARN_64_TO_32_BIT_CONVERSION = YES;
				GCC_WARN_ABOUT_RETURN_TYPE = YES_ERROR;
				GCC_WARN_UNDECLARED_SELECTOR = YES;
				GCC_WARN_UNINITIALIZED_AUTOS = YES_AGGRESSIVE;
				GCC_WARN_UNUSED_FUNCTION = YES;
				GCC_WARN_UNUSED_VARIABLE = YES;
				IPHONEOS_DEPLOYMENT_TARGET = 17.2;
				LOCALIZATION_PREFERS_STRING_CATALOGS = YES;
				MTL_ENABLE_DEBUG_INFO = NO;
				MTL_FAST_MATH = YES;
				SDKROOT = iphoneos;
				SWIFT_COMPILATION_MODE = wholemodule;
				VALIDATE_PRODUCT = YES;
			};
			name = Release;
		};
		810D52A02C43118600D39D32 /* Debug */ = {
			isa = XCBuildConfiguration;
			buildSettings = {
				ASSETCATALOG_COMPILER_APPICON_NAME = AppIcon;
				ASSETCATALOG_COMPILER_GLOBAL_ACCENT_COLOR_NAME = AccentColor;
				CODE_SIGN_STYLE = Automatic;
				CURRENT_PROJECT_VERSION = 1;
				DEVELOPMENT_ASSET_PATHS = "\"Motion Visualizer/Preview Content\"";
				DEVELOPMENT_TEAM = R7859T37M4;
				ENABLE_PREVIEWS = YES;
				GENERATE_INFOPLIST_FILE = YES;
				INFOPLIST_KEY_NSCameraUsageDescription = "This app requires camera access to utilize the LiDAR sensor for accurate depth mapping";
				INFOPLIST_KEY_UIApplicationSceneManifest_Generation = YES;
				INFOPLIST_KEY_UIApplicationSupportsIndirectInputEvents = YES;
				INFOPLIST_KEY_UILaunchScreen_Generation = YES;
				INFOPLIST_KEY_UISupportedInterfaceOrientations_iPad = "UIInterfaceOrientationPortrait UIInterfaceOrientationPortraitUpsideDown UIInterfaceOrientationLandscapeLeft UIInterfaceOrientationLandscapeRight";
				INFOPLIST_KEY_UISupportedInterfaceOrientations_iPhone = "UIInterfaceOrientationPortrait UIInterfaceOrientationLandscapeLeft UIInterfaceOrientationLandscapeRight";
				LD_RUNPATH_SEARCH_PATHS = (
					"$(inherited)",
					"@executable_path/Frameworks",
				);
				MARKETING_VERSION = 1.0;
				PRODUCT_BUNDLE_IDENTIFIER = "Vieyra-Software.Motion-Visualizer";
				PRODUCT_NAME = "$(TARGET_NAME)";
				SWIFT_EMIT_LOC_STRINGS = YES;
				SWIFT_VERSION = 5.0;
				TARGETED_DEVICE_FAMILY = "1,2";
			};
			name = Debug;
		};
		810D52A12C43118600D39D32 /* Release */ = {
			isa = XCBuildConfiguration;
			buildSettings = {
				ASSETCATALOG_COMPILER_APPICON_NAME = AppIcon;
				ASSETCATALOG_COMPILER_GLOBAL_ACCENT_COLOR_NAME = AccentColor;
				CODE_SIGN_STYLE = Automatic;
				CURRENT_PROJECT_VERSION = 1;
				DEVELOPMENT_ASSET_PATHS = "\"Motion Visualizer/Preview Content\"";
				DEVELOPMENT_TEAM = R7859T37M4;
				ENABLE_PREVIEWS = YES;
				GENERATE_INFOPLIST_FILE = YES;
				INFOPLIST_KEY_NSCameraUsageDescription = "This app requires camera access to utilize the LiDAR sensor for accurate depth mapping";
				INFOPLIST_KEY_UIApplicationSceneManifest_Generation = YES;
				INFOPLIST_KEY_UIApplicationSupportsIndirectInputEvents = YES;
				INFOPLIST_KEY_UILaunchScreen_Generation = YES;
				INFOPLIST_KEY_UISupportedInterfaceOrientations_iPad = "UIInterfaceOrientationPortrait UIInterfaceOrientationPortraitUpsideDown UIInterfaceOrientationLandscapeLeft UIInterfaceOrientationLandscapeRight";
				INFOPLIST_KEY_UISupportedInterfaceOrientations_iPhone = "UIInterfaceOrientationPortrait UIInterfaceOrientationLandscapeLeft UIInterfaceOrientationLandscapeRight";
				LD_RUNPATH_SEARCH_PATHS = (
					"$(inherited)",
					"@executable_path/Frameworks",
				);
				MARKETING_VERSION = 1.0;
				PRODUCT_BUNDLE_IDENTIFIER = "Vieyra-Software.Motion-Visualizer";
				PRODUCT_NAME = "$(TARGET_NAME)";
				SWIFT_EMIT_LOC_STRINGS = YES;
				SWIFT_VERSION = 5.0;
				TARGETED_DEVICE_FAMILY = "1,2";
			};
			name = Release;
		};
		810D52A32C43118600D39D32 /* Debug */ = {
			isa = XCBuildConfiguration;
			buildSettings = {
				ALWAYS_EMBED_SWIFT_STANDARD_LIBRARIES = YES;
				BUNDLE_LOADER = "$(TEST_HOST)";
				CODE_SIGN_STYLE = Automatic;
				CURRENT_PROJECT_VERSION = 1;
				DEVELOPMENT_TEAM = R7859T37M4;
				GENERATE_INFOPLIST_FILE = YES;
				IPHONEOS_DEPLOYMENT_TARGET = 17.2;
				MARKETING_VERSION = 1.0;
				PRODUCT_BUNDLE_IDENTIFIER = "Vieyra-Software.Motion-VisualizerTests";
				PRODUCT_NAME = "$(TARGET_NAME)";
				SWIFT_EMIT_LOC_STRINGS = NO;
				SWIFT_VERSION = 5.0;
				TARGETED_DEVICE_FAMILY = "1,2";
				TEST_HOST = "$(BUILT_PRODUCTS_DIR)/Motion Visualizer.app/$(BUNDLE_EXECUTABLE_FOLDER_PATH)/Motion Visualizer";
			};
			name = Debug;
		};
		810D52A42C43118600D39D32 /* Release */ = {
			isa = XCBuildConfiguration;
			buildSettings = {
				ALWAYS_EMBED_SWIFT_STANDARD_LIBRARIES = YES;
				BUNDLE_LOADER = "$(TEST_HOST)";
				CODE_SIGN_STYLE = Automatic;
				CURRENT_PROJECT_VERSION = 1;
				DEVELOPMENT_TEAM = R7859T37M4;
				GENERATE_INFOPLIST_FILE = YES;
				IPHONEOS_DEPLOYMENT_TARGET = 17.2;
				MARKETING_VERSION = 1.0;
				PRODUCT_BUNDLE_IDENTIFIER = "Vieyra-Software.Motion-VisualizerTests";
				PRODUCT_NAME = "$(TARGET_NAME)";
				SWIFT_EMIT_LOC_STRINGS = NO;
				SWIFT_VERSION = 5.0;
				TARGETED_DEVICE_FAMILY = "1,2";
				TEST_HOST = "$(BUILT_PRODUCTS_DIR)/Motion Visualizer.app/$(BUNDLE_EXECUTABLE_FOLDER_PATH)/Motion Visualizer";
			};
			name = Release;
		};
		810D52A62C43118600D39D32 /* Debug */ = {
			isa = XCBuildConfiguration;
			buildSettings = {
				ALWAYS_EMBED_SWIFT_STANDARD_LIBRARIES = YES;
				CODE_SIGN_STYLE = Automatic;
				CURRENT_PROJECT_VERSION = 1;
				DEVELOPMENT_TEAM = R7859T37M4;
				GENERATE_INFOPLIST_FILE = YES;
				MARKETING_VERSION = 1.0;
				PRODUCT_BUNDLE_IDENTIFIER = "Vieyra-Software.Motion-VisualizerUITests";
				PRODUCT_NAME = "$(TARGET_NAME)";
				SWIFT_EMIT_LOC_STRINGS = NO;
				SWIFT_VERSION = 5.0;
				TARGETED_DEVICE_FAMILY = "1,2";
				TEST_TARGET_NAME = "Motion Visualizer";
			};
			name = Debug;
		};
		810D52A72C43118600D39D32 /* Release */ = {
			isa = XCBuildConfiguration;
			buildSettings = {
				ALWAYS_EMBED_SWIFT_STANDARD_LIBRARIES = YES;
				CODE_SIGN_STYLE = Automatic;
				CURRENT_PROJECT_VERSION = 1;
				DEVELOPMENT_TEAM = R7859T37M4;
				GENERATE_INFOPLIST_FILE = YES;
				MARKETING_VERSION = 1.0;
				PRODUCT_BUNDLE_IDENTIFIER = "Vieyra-Software.Motion-VisualizerUITests";
				PRODUCT_NAME = "$(TARGET_NAME)";
				SWIFT_EMIT_LOC_STRINGS = NO;
				SWIFT_VERSION = 5.0;
				TARGETED_DEVICE_FAMILY = "1,2";
				TEST_TARGET_NAME = "Motion Visualizer";
			};
			name = Release;
		};
/* End XCBuildConfiguration section */

/* Begin XCConfigurationList section */
		810D52762C43118600D39D32 /* Build configuration list for PBXProject "Motion Visualizer" */ = {
			isa = XCConfigurationList;
			buildConfigurations = (
				810D529D2C43118600D39D32 /* Debug */,
				810D529E2C43118600D39D32 /* Release */,
			);
			defaultConfigurationIsVisible = 0;
			defaultConfigurationName = Release;
		};
		810D529F2C43118600D39D32 /* Build configuration list for PBXNativeTarget "Motion Visualizer" */ = {
			isa = XCConfigurationList;
			buildConfigurations = (
				810D52A02C43118600D39D32 /* Debug */,
				810D52A12C43118600D39D32 /* Release */,
			);
			defaultConfigurationIsVisible = 0;
			defaultConfigurationName = Release;
		};
		810D52A22C43118600D39D32 /* Build configuration list for PBXNativeTarget "Motion VisualizerTests" */ = {
			isa = XCConfigurationList;
			buildConfigurations = (
				810D52A32C43118600D39D32 /* Debug */,
				810D52A42C43118600D39D32 /* Release */,
			);
			defaultConfigurationIsVisible = 0;
			defaultConfigurationName = Release;
		};
		810D52A52C43118600D39D32 /* Build configuration list for PBXNativeTarget "Motion VisualizerUITests" */ = {
			isa = XCConfigurationList;
			buildConfigurations = (
				810D52A62C43118600D39D32 /* Debug */,
				810D52A72C43118600D39D32 /* Release */,
			);
			defaultConfigurationIsVisible = 0;
			defaultConfigurationName = Release;
		};
/* End XCConfigurationList section */
	};
	rootObject = 810D52732C43118600D39D32 /* Project object */;
}
